[[package]]
name = "argparse"
version = "1.4.0"
description = "Python command-line parsing library"
category = "main"
optional = false
python-versions = "*"

[metadata]
lock-version = "1.1"
python-versions = "^3.8"
content-hash = "0e42789acdd47bf1fe572eb1ceced84c79b0a75e466c7e7823b1dac95d8e6948"

[metadata.files]
argparse = []
